{
  "name": "@ztwx/form",
  "version": "0.0.1",
  "lockfileVersion": 1,
  "requires": true,
  "dependencies": {
    "@types/node": {
      "version": "13.13.31",
      "resolved": "https://registry.npmjs.org/@types/node/-/node-13.13.31.tgz",
      "integrity": "sha512-gBk54XbcRj8EKTi7Syo4JU4purbRJaZpkvMVs7+t+b9JaOtwsGo7vCbXdVJN3gH/wu/GyZGD8lAKo0qpQuNjOw=="
    },
    "@types/webpack-env": {
      "version": "1.15.3",
      "resolved": "https://registry.npmjs.org/@types/webpack-env/-/webpack-env-1.15.3.tgz",
      "integrity": "sha512-5oiXqR7kwDGZ6+gmzIO2lTC+QsriNuQXZDWNYRV3l2XRN/zmPgnC21DLSx2D05zvD8vnXW6qUg7JnXZ4I6qLVQ=="
    },
    "tslib": {
      "version": "1.14.1",
      "resolved": "https://registry.npmjs.org/tslib/-/tslib-1.14.1.tgz",
      "integrity": "sha512-Xni35NKzjgMrwevysHTCArtLDpPvye8zV/0E4EyYn43P7/7qvQwPh9BGkHewbMulVntbigmcT7rdX3BNo9wRJg=="
    },
    "typescript": {
      "version": "3.9.7",
      "resolved": "https://registry.npmjs.org/typescript/-/typescript-3.9.7.tgz",
      "integrity": "sha512-BLbiRkiBzAwsjut4x/dsibSTB6yWpwT5qWmC2OfuCg3GgVQCSgMs4vEctYPhsaGtd0AeuuHMkjZ2h2WG8MSzRw=="
    }
  }
}
