# THIS IS AN AUTOGENERATED FILE. DO NOT EDIT THIS FILE DIRECTLY.
# yarn lockfile v1


"@types/node@^13.9.8":
  version "13.9.8"
  resolved "https://registry.npm.taobao.org/@types/node/download/@types/node-13.9.8.tgz?cache=0&sync_timestamp=1585612630385&other_urls=https%3A%2F%2Fregistry.npm.taobao.org%2F%40types%2Fnode%2Fdownload%2F%40types%2Fnode-13.9.8.tgz#09976420fc80a7a00bf40680c63815ed8c7616f4"
  integrity sha1-CZdkIPyAp6AL9AaAxjgV7Yx2FvQ=

"@types/webpack-env@^1.15.1":
  version "1.15.1"
  resolved "https://registry.npm.taobao.org/@types/webpack-env/download/@types/webpack-env-1.15.1.tgz#c8e84705e08eed430b5e15b39c65b0944e4d1422"
  integrity sha1-yOhHBeCO7UMLXhWznGWwlE5NFCI=

tslib@^1.11.1:
  version "1.11.1"
  resolved "https://registry.npm.taobao.org/tslib/download/tslib-1.11.1.tgz#eb15d128827fbee2841549e171f45ed338ac7e35"
  integrity sha1-6xXRKIJ/vuKEFUnhcfRe0zisfjU=

typescript@^3.8.3:
  version "3.8.3"
  resolved "https://registry.npm.taobao.org/typescript/download/typescript-3.8.3.tgz?cache=0&sync_timestamp=1585553471224&other_urls=https%3A%2F%2Fregistry.npm.taobao.org%2Ftypescript%2Fdownload%2Ftypescript-3.8.3.tgz#409eb8544ea0335711205869ec458ab109ee1061"
  integrity sha1-QJ64VE6gM1cRIFhp7EWKsQnuEGE=
